
Microsoft Visual Studio Solution File, Format Version 12.00
# Visual Studio 15
VisualStudioVersion = 15.0.28307.136
MinimumVisualStudioVersion = 10.0.40219.1
Project("{FAE04EC0-301F-11D3-BF4B-00C04F79EFBC}") = "Logophi", "Logophi.csproj", "{FE535D8C-1A6F-4681-89FC-535070728560}"
EndProject
Global
	GlobalSection(SolutionConfigurationPlatforms) = preSolution
		Debug|Any CPU = Debug|Any CPU
		Release|Any CPU = Release|Any CPU
	EndGlobalSection
	GlobalSection(ProjectConfigurationPlatforms) = postSolution
		{FE535D8C-1A6F-4681-89FC-535070728560}.Debug|Any CPU.ActiveCfg = Debug|Any CPU
		{FE535D8C-1A6F-4681-89FC-535070728560}.Debug|Any CPU.Build.0 = Debug|Any CPU
		{FE535D8C-1A6F-4681-89FC-535070728560}.Release|Any CPU.ActiveCfg = Release|Any CPU
		{FE535D8C-1A6F-4681-89FC-535070728560}.Release|Any CPU.Build.0 = Release|Any CPU
	EndGlobalSection
	GlobalSection(SolutionProperties) = preSolution
		HideSolutionNode = FALSE
	EndGlobalSection
	GlobalSection(ExtensibilityGlobals) = postSolution
		SolutionGuid = {8D1AAA92-4683-4029-B80D-E80070E8AF8D}
	EndGlobalSection
EndGlobal
